{
  "requires": true,
  "lockfileVersion": 1,
  "dependencies": {
    "graphql-ws": {
      "version": "5.14.0",
      "resolved": "https://registry.npmjs.org/graphql-ws/-/graphql-ws-5.14.0.tgz",
      "integrity": "sha512-itrUTQZP/TgswR4GSSYuwWUzrE/w5GhbwM2GX3ic2U7aw33jgEsayfIlvaj7/GcIvZgNMzsPTrE5hqPuFUiE5g=="
    }
  }
}
